
Microsoft Visual Studio Solution File, Format Version 12.00
# Visual Studio Version 17
VisualStudioVersion = 17.9.34728.123
MinimumVisualStudioVersion = 10.0.40219.1
Project("{FAE04EC0-301F-11D3-BF4B-00C04F79EFBC}") = "Q1", "Q1.csproj", "{02D601FB-1CA2-4F73-B587-27BCC79980AD}"
EndProject
Global
	GlobalSection(SolutionConfigurationPlatforms) = preSolution
		Debug|Any CPU = Debug|Any CPU
		Release|Any CPU = Release|Any CPU
	EndGlobalSection
	GlobalSection(ProjectConfigurationPlatforms) = postSolution
		{02D601FB-1CA2-4F73-B587-27BCC79980AD}.Debug|Any CPU.ActiveCfg = Debug|Any CPU
		{02D601FB-1CA2-4F73-B587-27BCC79980AD}.Debug|Any CPU.Build.0 = Debug|Any CPU
		{02D601FB-1CA2-4F73-B587-27BCC79980AD}.Release|Any CPU.ActiveCfg = Release|Any CPU
		{02D601FB-1CA2-4F73-B587-27BCC79980AD}.Release|Any CPU.Build.0 = Release|Any CPU
	EndGlobalSection
	GlobalSection(SolutionProperties) = preSolution
		HideSolutionNode = FALSE
	EndGlobalSection
	GlobalSection(ExtensibilityGlobals) = postSolution
		SolutionGuid = {50348319-2872-45AE-9E1C-1971598FCD9D}
	EndGlobalSection
EndGlobal
